
Microsoft Visual Studio Solution File, Format Version 12.00
# Visual Studio Version 16
VisualStudioVersion = 16.0.31129.286
MinimumVisualStudioVersion = 10.0.40219.1
Project("{FAE04EC0-301F-11D3-BF4B-00C04F79EFBC}") = "AddressBookADO", "AddressBookADO\AddressBookADO.csproj", "{63A591CE-B6D3-4994-B91B-E9D03DFF538B}"
EndProject
Global
	GlobalSection(SolutionConfigurationPlatforms) = preSolution
		Debug|Any CPU = Debug|Any CPU
		Release|Any CPU = Release|Any CPU
	EndGlobalSection
	GlobalSection(ProjectConfigurationPlatforms) = postSolution
		{63A591CE-B6D3-4994-B91B-E9D03DFF538B}.Debug|Any CPU.ActiveCfg = Debug|Any CPU
		{63A591CE-B6D3-4994-B91B-E9D03DFF538B}.Debug|Any CPU.Build.0 = Debug|Any CPU
		{63A591CE-B6D3-4994-B91B-E9D03DFF538B}.Release|Any CPU.ActiveCfg = Release|Any CPU
		{63A591CE-B6D3-4994-B91B-E9D03DFF538B}.Release|Any CPU.Build.0 = Release|Any CPU
	EndGlobalSection
	GlobalSection(SolutionProperties) = preSolution
		HideSolutionNode = FALSE
	EndGlobalSection
	GlobalSection(ExtensibilityGlobals) = postSolution
		SolutionGuid = {3A6A2C3E-E5A8-46B3-9F61-B027C9CDA32B}
	EndGlobalSection
EndGlobal
